{
  "nodes": {
    "nixpkgs": {
      "locked": {
        "lastModified": 1664727624,
        "narHash": "sha256-hXxLAncZL3jFKHn7l8GA39plFbQRUIrm6Poghw8HLtE=",
        "owner": "NixOS",
        "repo": "nixpkgs",
        "rev": "e5f9412eca200270da0d1507190de9b312bd4458",
        "type": "github"
      },
      "original": {
        "owner": "NixOS",
        "ref": "nixpkgs-unstable",
        "repo": "nixpkgs",
        "type": "github"
      }
    },
    "root": {
      "inputs": {
        "nixpkgs": "nixpkgs"
      }
    }
  },
  "root": "root",
  "version": 7
}
